
Microsoft Visual Studio Solution File, Format Version 12.00
# Visual Studio Version 17
VisualStudioVersion = 17.13.35825.156
MinimumVisualStudioVersion = 10.0.40219.1
Project("{FAE04EC0-301F-11D3-BF4B-00C04F79EFBC}") = "u21516775_HW01_API", "u21516775_HW01_API\u21516775_HW01_API.csproj", "{96D534B6-7092-46F5-B78E-94E44E74BBF4}"
EndProject
Project("{FAE04EC0-301F-11D3-BF4B-00C04F79EFBC}") = "assignement1.Tests", "assignement1\assignement1.Tests.csproj", "{6A769ED7-05F7-48D5-821B-FDCD9EE24020}"
EndProject
Global
	GlobalSection(SolutionConfigurationPlatforms) = preSolution
		Debug|Any CPU = Debug|Any CPU
		Release|Any CPU = Release|Any CPU
	EndGlobalSection
	GlobalSection(ProjectConfigurationPlatforms) = postSolution
		{96D534B6-7092-46F5-B78E-94E44E74BBF4}.Debug|Any CPU.ActiveCfg = Debug|Any CPU
		{96D534B6-7092-46F5-B78E-94E44E74BBF4}.Debug|Any CPU.Build.0 = Debug|Any CPU
		{96D534B6-7092-46F5-B78E-94E44E74BBF4}.Release|Any CPU.ActiveCfg = Release|Any CPU
		{96D534B6-7092-46F5-B78E-94E44E74BBF4}.Release|Any CPU.Build.0 = Release|Any CPU
		{6A769ED7-05F7-48D5-821B-FDCD9EE24020}.Debug|Any CPU.ActiveCfg = Debug|Any CPU
		{6A769ED7-05F7-48D5-821B-FDCD9EE24020}.Debug|Any CPU.Build.0 = Debug|Any CPU
		{6A769ED7-05F7-48D5-821B-FDCD9EE24020}.Release|Any CPU.ActiveCfg = Release|Any CPU
		{6A769ED7-05F7-48D5-821B-FDCD9EE24020}.Release|Any CPU.Build.0 = Release|Any CPU
	EndGlobalSection
	GlobalSection(SolutionProperties) = preSolution
		HideSolutionNode = FALSE
	EndGlobalSection
	GlobalSection(ExtensibilityGlobals) = postSolution
		SolutionGuid = {75E66E61-EB37-49D3-867A-46F45FC9229D}
	EndGlobalSection
EndGlobal
